
Microsoft Visual Studio Solution File, Format Version 12.00
# Visual Studio 2013
VisualStudioVersion = 12.0.31101.0
MinimumVisualStudioVersion = 10.0.40219.1
Project("{FAE04EC0-301F-11D3-BF4B-00C04F79EFBC}") = "Hyper.Cryptography", "Hyper.Cryptography\Hyper.Cryptography.csproj", "{2AA90399-540A-4626-898C-FBA2A39F2B43}"
EndProject
Project("{FAE04EC0-301F-11D3-BF4B-00C04F79EFBC}") = "Hyper.FileProcessing", "Hyper.FileProcessing\Hyper.FileProcessing.csproj", "{E47A995B-EF4F-4758-A4E8-FFEE1E5D08B6}"
EndProject
Project("{FAE04EC0-301F-11D3-BF4B-00C04F79EFBC}") = "Hyper.Messaging", "Hyper.Messaging\Hyper.Messaging.csproj", "{CB8C33A9-A881-4E85-AC89-909F055691FD}"
EndProject
Project("{FAE04EC0-301F-11D3-BF4B-00C04F79EFBC}") = "Hyper.NACHA", "Hyper.NACHA\Hyper.NACHA.csproj", "{3B76D3C8-11AE-47B6-AF91-59208C358DDF}"
EndProject
Project("{FAE04EC0-301F-11D3-BF4B-00C04F79EFBC}") = "Hyper.Tasks", "Hyper.Tasks\Hyper.Tasks.csproj", "{FBD15AD7-D155-4646-9E14-A311897FC19B}"
EndProject
Project("{FAE04EC0-301F-11D3-BF4B-00C04F79EFBC}") = "Hyper.Test", "Hyper.Test\Hyper.Test.csproj", "{3479F004-14CC-4E3B-82B1-3C0C8E7CEC69}"
EndProject
Project("{FAE04EC0-301F-11D3-BF4B-00C04F79EFBC}") = "Hyper.UI", "Hyper.UI\Hyper.UI.csproj", "{4446F75F-9F54-4A66-BA01-A9FBD397114D}"
EndProject
Project("{2150E333-8FDC-42A3-9474-1A3956D46DE8}") = "Tests", "Tests", "{593DF3EE-14CE-44C4-8297-7C469C54C676}"
EndProject
Project("{2150E333-8FDC-42A3-9474-1A3956D46DE8}") = "Core", "Core", "{4DE65D47-16FA-4FB3-9CE5-EFD974BF95AB}"
EndProject
Project("{2150E333-8FDC-42A3-9474-1A3956D46DE8}") = "HyperNodeServices", "HyperNodeServices", "{D958CF47-922B-49C2-8C34-473D4EF7A889}"
EndProject
Project("{FAE04EC0-301F-11D3-BF4B-00C04F79EFBC}") = "Hyper.WcfHosting", "Hyper.WcfHosting\Hyper.WcfHosting.csproj", "{BAFB81F3-F856-416D-871E-6C13BA3D9A36}"
EndProject
Project("{2150E333-8FDC-42A3-9474-1A3956D46DE8}") = "HyperNodeServiceTesting", "HyperNodeServiceTesting", "{4CF1560F-0E34-4D9D-BE87-C91AFA9FA5B4}"
EndProject
Project("{FAE04EC0-301F-11D3-BF4B-00C04F79EFBC}") = "HyperNodeTestClient", "HyperNodeTestClient\HyperNodeTestClient.csproj", "{46B9C04A-6BF8-44DD-9344-A5E1E4BFE42C}"
EndProject
Project("{2150E333-8FDC-42A3-9474-1A3956D46DE8}") = "Unused", "Unused", "{372D51E7-755E-4F42-9550-82B258EB1510}"
EndProject
Project("{FAE04EC0-301F-11D3-BF4B-00C04F79EFBC}") = "HostingTest.AliceNode", "HostingTest.AliceNode\HostingTest.AliceNode.csproj", "{57F15A75-0383-4733-8415-D4EC4524C411}"
EndProject
Project("{FAE04EC0-301F-11D3-BF4B-00C04F79EFBC}") = "HostingTest.BobNode", "HostingTest.BobNode\HostingTest.BobNode.csproj", "{5E28A099-71A3-4572-A908-37CA4CCBE314}"
EndProject
Project("{FAE04EC0-301F-11D3-BF4B-00C04F79EFBC}") = "Hyper.Versioning", "Hyper.Versioning\Hyper.Versioning.csproj", "{91AC28F2-373B-44AF-B970-A0608A174C39}"
EndProject
Project("{2150E333-8FDC-42A3-9474-1A3956D46DE8}") = "DatabaseManagement", "DatabaseManagement", "{9B303670-4C9B-4C0A-9FCC-516D4BED0831}"
EndProject
Project("{FAE04EC0-301F-11D3-BF4B-00C04F79EFBC}") = "Hyper.Db.ScriptWriters", "Hyper.Db.ScriptWriters\Hyper.Db.ScriptWriters.csproj", "{3D9D4CF1-42C3-4FCA-A617-153CF41E9B8C}"
EndProject
Project("{FAE04EC0-301F-11D3-BF4B-00C04F79EFBC}") = "Hyper.Db", "Hyper.Db\Hyper.Db.csproj", "{73C60F01-B6F8-4210-9B1D-D9E7B7979F99}"
EndProject
Project("{FAE04EC0-301F-11D3-BF4B-00C04F79EFBC}") = "Hyper.Db.Xml", "Hyper.Db.Xml\Hyper.Db.Xml.csproj", "{E3793B8E-55A4-4184-8409-753988185D78}"
EndProject
Project("{2150E333-8FDC-42A3-9474-1A3956D46DE8}") = ".nuget", ".nuget", "{B667F4E3-FB9B-4416-8CC7-9F490DAAF6EB}"
	ProjectSection(SolutionItems) = preProject
		.nuget\NuGet.Config = .nuget\NuGet.Config
		.nuget\NuGet.exe = .nuget\NuGet.exe
		.nuget\NuGet.targets = .nuget\NuGet.targets
	EndProjectSection
EndProject
Project("{FAE04EC0-301F-11D3-BF4B-00C04F79EFBC}") = "Hyper.ActivityTracking", "Hyper.ActivityTracking\Hyper.ActivityTracking.csproj", "{40248060-66FF-4BBE-81E2-7E8544DC9984}"
EndProject
Project("{FAE04EC0-301F-11D3-BF4B-00C04F79EFBC}") = "HyperNetExtensibilityTest", "HyperNetExtensibilityTest\HyperNetExtensibilityTest.csproj", "{01837910-E278-4F61-93E4-673F0F012AA0}"
EndProject
Project("{FAE04EC0-301F-11D3-BF4B-00C04F79EFBC}") = "Hyper.Extensibility", "Hyper.Extensibility\Hyper.Extensibility.csproj", "{8BE9047A-C0C3-468D-ACFF-9BD332C975B4}"
EndProject
Project("{FAE04EC0-301F-11D3-BF4B-00C04F79EFBC}") = "HyperNet.ExtensibilityTest.Shared", "HyperNet.ExtensibilityTest.Shared\HyperNet.ExtensibilityTest.Shared.csproj", "{E7B8DD6F-C275-462E-B260-6CB7F96476B7}"
EndProject
Project("{FAE04EC0-301F-11D3-BF4B-00C04F79EFBC}") = "Hyper.NodeServices.Contracts", "Hyper.NodeServices.Contracts\Hyper.NodeServices.Contracts.csproj", "{2CC7522B-D092-4B12-AFE1-991D0FA88C45}"
EndProject
Project("{FAE04EC0-301F-11D3-BF4B-00C04F79EFBC}") = "Hyper.NodeServices.Extensibility", "Hyper.NodeServices.Extensibility\Hyper.NodeServices.Extensibility.csproj", "{B9A95110-2589-42D9-88F7-D72E684F6FB1}"
EndProject
Project("{FAE04EC0-301F-11D3-BF4B-00C04F79EFBC}") = "Hyper.NodeServices", "Hyper.NodeServices\Hyper.NodeServices.csproj", "{0D7D8078-E918-4579-BFD5-105742557575}"
EndProject
Project("{FAE04EC0-301F-11D3-BF4B-00C04F79EFBC}") = "Hyper.NodeServices.UnitTesting", "Hyper.NodeServices.UnitTesting\Hyper.NodeServices.UnitTesting.csproj", "{3770A663-2499-4897-A669-58E90D340760}"
EndProject
Project("{FAE04EC0-301F-11D3-BF4B-00C04F79EFBC}") = "Hyper.NodeServices.UnitTesting.Contracts", "Hyper.NodeServices.UnitTesting.Contracts\Hyper.NodeServices.UnitTesting.Contracts.csproj", "{43F73423-A2DD-4D58-B680-C64DFB948E78}"
EndProject
Project("{FAE04EC0-301F-11D3-BF4B-00C04F79EFBC}") = "Hyper.IO", "Hyper.IO\Hyper.IO.csproj", "{38434D6E-DE0F-4A31-9462-D9374FEA862D}"
EndProject
Project("{FAE04EC0-301F-11D3-BF4B-00C04F79EFBC}") = "Hyper.NodeServices.Contracts.Extensibility", "Hyper.NodeServices.Contracts.Extensibility\Hyper.NodeServices.Contracts.Extensibility.csproj", "{7B2637A1-5D34-410D-8391-9AD0351C3C6F}"
EndProject
Project("{FAE04EC0-301F-11D3-BF4B-00C04F79EFBC}") = "Hyper.NodeServices.SystemCommands.Contracts", "Hyper.NodeServices.SystemCommands.Contracts\Hyper.NodeServices.SystemCommands.Contracts.csproj", "{CDF441C8-D72B-4120-98B8-E88AD5A8C027}"
EndProject
Global
	GlobalSection(SolutionConfigurationPlatforms) = preSolution
		Debug|Any CPU = Debug|Any CPU
		Release|Any CPU = Release|Any CPU
	EndGlobalSection
	GlobalSection(ProjectConfigurationPlatforms) = postSolution
		{2AA90399-540A-4626-898C-FBA2A39F2B43}.Debug|Any CPU.ActiveCfg = Debug|Any CPU
		{2AA90399-540A-4626-898C-FBA2A39F2B43}.Debug|Any CPU.Build.0 = Debug|Any CPU
		{2AA90399-540A-4626-898C-FBA2A39F2B43}.Release|Any CPU.ActiveCfg = Release|Any CPU
		{2AA90399-540A-4626-898C-FBA2A39F2B43}.Release|Any CPU.Build.0 = Release|Any CPU
		{E47A995B-EF4F-4758-A4E8-FFEE1E5D08B6}.Debug|Any CPU.ActiveCfg = Debug|Any CPU
		{E47A995B-EF4F-4758-A4E8-FFEE1E5D08B6}.Debug|Any CPU.Build.0 = Debug|Any CPU
		{E47A995B-EF4F-4758-A4E8-FFEE1E5D08B6}.Release|Any CPU.ActiveCfg = Release|Any CPU
		{E47A995B-EF4F-4758-A4E8-FFEE1E5D08B6}.Release|Any CPU.Build.0 = Release|Any CPU
		{CB8C33A9-A881-4E85-AC89-909F055691FD}.Debug|Any CPU.ActiveCfg = Debug|Any CPU
		{CB8C33A9-A881-4E85-AC89-909F055691FD}.Debug|Any CPU.Build.0 = Debug|Any CPU
		{CB8C33A9-A881-4E85-AC89-909F055691FD}.Release|Any CPU.ActiveCfg = Release|Any CPU
		{CB8C33A9-A881-4E85-AC89-909F055691FD}.Release|Any CPU.Build.0 = Release|Any CPU
		{3B76D3C8-11AE-47B6-AF91-59208C358DDF}.Debug|Any CPU.ActiveCfg = Debug|Any CPU
		{3B76D3C8-11AE-47B6-AF91-59208C358DDF}.Debug|Any CPU.Build.0 = Debug|Any CPU
		{3B76D3C8-11AE-47B6-AF91-59208C358DDF}.Release|Any CPU.ActiveCfg = Release|Any CPU
		{3B76D3C8-11AE-47B6-AF91-59208C358DDF}.Release|Any CPU.Build.0 = Release|Any CPU
		{FBD15AD7-D155-4646-9E14-A311897FC19B}.Debug|Any CPU.ActiveCfg = Debug|Any CPU
		{FBD15AD7-D155-4646-9E14-A311897FC19B}.Debug|Any CPU.Build.0 = Debug|Any CPU
		{FBD15AD7-D155-4646-9E14-A311897FC19B}.Release|Any CPU.ActiveCfg = Release|Any CPU
		{FBD15AD7-D155-4646-9E14-A311897FC19B}.Release|Any CPU.Build.0 = Release|Any CPU
		{3479F004-14CC-4E3B-82B1-3C0C8E7CEC69}.Debug|Any CPU.ActiveCfg = Debug|Any CPU
		{3479F004-14CC-4E3B-82B1-3C0C8E7CEC69}.Debug|Any CPU.Build.0 = Debug|Any CPU
		{3479F004-14CC-4E3B-82B1-3C0C8E7CEC69}.Release|Any CPU.ActiveCfg = Release|Any CPU
		{3479F004-14CC-4E3B-82B1-3C0C8E7CEC69}.Release|Any CPU.Build.0 = Release|Any CPU
		{4446F75F-9F54-4A66-BA01-A9FBD397114D}.Debug|Any CPU.ActiveCfg = Debug|Any CPU
		{4446F75F-9F54-4A66-BA01-A9FBD397114D}.Debug|Any CPU.Build.0 = Debug|Any CPU
		{4446F75F-9F54-4A66-BA01-A9FBD397114D}.Release|Any CPU.ActiveCfg = Release|Any CPU
		{4446F75F-9F54-4A66-BA01-A9FBD397114D}.Release|Any CPU.Build.0 = Release|Any CPU
		{BAFB81F3-F856-416D-871E-6C13BA3D9A36}.Debug|Any CPU.ActiveCfg = Debug|Any CPU
		{BAFB81F3-F856-416D-871E-6C13BA3D9A36}.Debug|Any CPU.Build.0 = Debug|Any CPU
		{BAFB81F3-F856-416D-871E-6C13BA3D9A36}.Release|Any CPU.ActiveCfg = Release|Any CPU
		{BAFB81F3-F856-416D-871E-6C13BA3D9A36}.Release|Any CPU.Build.0 = Release|Any CPU
		{46B9C04A-6BF8-44DD-9344-A5E1E4BFE42C}.Debug|Any CPU.ActiveCfg = Debug|Any CPU
		{46B9C04A-6BF8-44DD-9344-A5E1E4BFE42C}.Debug|Any CPU.Build.0 = Debug|Any CPU
		{46B9C04A-6BF8-44DD-9344-A5E1E4BFE42C}.Release|Any CPU.ActiveCfg = Release|Any CPU
		{46B9C04A-6BF8-44DD-9344-A5E1E4BFE42C}.Release|Any CPU.Build.0 = Release|Any CPU
		{57F15A75-0383-4733-8415-D4EC4524C411}.Debug|Any CPU.ActiveCfg = Debug|Any CPU
		{57F15A75-0383-4733-8415-D4EC4524C411}.Debug|Any CPU.Build.0 = Debug|Any CPU
		{57F15A75-0383-4733-8415-D4EC4524C411}.Release|Any CPU.ActiveCfg = Release|Any CPU
		{57F15A75-0383-4733-8415-D4EC4524C411}.Release|Any CPU.Build.0 = Release|Any CPU
		{5E28A099-71A3-4572-A908-37CA4CCBE314}.Debug|Any CPU.ActiveCfg = Debug|Any CPU
		{5E28A099-71A3-4572-A908-37CA4CCBE314}.Debug|Any CPU.Build.0 = Debug|Any CPU
		{5E28A099-71A3-4572-A908-37CA4CCBE314}.Release|Any CPU.ActiveCfg = Release|Any CPU
		{5E28A099-71A3-4572-A908-37CA4CCBE314}.Release|Any CPU.Build.0 = Release|Any CPU
		{91AC28F2-373B-44AF-B970-A0608A174C39}.Debug|Any CPU.ActiveCfg = Debug|Any CPU
		{91AC28F2-373B-44AF-B970-A0608A174C39}.Debug|Any CPU.Build.0 = Debug|Any CPU
		{91AC28F2-373B-44AF-B970-A0608A174C39}.Release|Any CPU.ActiveCfg = Release|Any CPU
		{91AC28F2-373B-44AF-B970-A0608A174C39}.Release|Any CPU.Build.0 = Release|Any CPU
		{3D9D4CF1-42C3-4FCA-A617-153CF41E9B8C}.Debug|Any CPU.ActiveCfg = Debug|Any CPU
		{3D9D4CF1-42C3-4FCA-A617-153CF41E9B8C}.Debug|Any CPU.Build.0 = Debug|Any CPU
		{3D9D4CF1-42C3-4FCA-A617-153CF41E9B8C}.Release|Any CPU.ActiveCfg = Release|Any CPU
		{3D9D4CF1-42C3-4FCA-A617-153CF41E9B8C}.Release|Any CPU.Build.0 = Release|Any CPU
		{73C60F01-B6F8-4210-9B1D-D9E7B7979F99}.Debug|Any CPU.ActiveCfg = Debug|Any CPU
		{73C60F01-B6F8-4210-9B1D-D9E7B7979F99}.Debug|Any CPU.Build.0 = Debug|Any CPU
		{73C60F01-B6F8-4210-9B1D-D9E7B7979F99}.Release|Any CPU.ActiveCfg = Release|Any CPU
		{73C60F01-B6F8-4210-9B1D-D9E7B7979F99}.Release|Any CPU.Build.0 = Release|Any CPU
		{E3793B8E-55A4-4184-8409-753988185D78}.Debug|Any CPU.ActiveCfg = Debug|Any CPU
		{E3793B8E-55A4-4184-8409-753988185D78}.Debug|Any CPU.Build.0 = Debug|Any CPU
		{E3793B8E-55A4-4184-8409-753988185D78}.Release|Any CPU.ActiveCfg = Release|Any CPU
		{E3793B8E-55A4-4184-8409-753988185D78}.Release|Any CPU.Build.0 = Release|Any CPU
		{40248060-66FF-4BBE-81E2-7E8544DC9984}.Debug|Any CPU.ActiveCfg = Debug|Any CPU
		{40248060-66FF-4BBE-81E2-7E8544DC9984}.Debug|Any CPU.Build.0 = Debug|Any CPU
		{40248060-66FF-4BBE-81E2-7E8544DC9984}.Release|Any CPU.ActiveCfg = Release|Any CPU
		{40248060-66FF-4BBE-81E2-7E8544DC9984}.Release|Any CPU.Build.0 = Release|Any CPU
		{01837910-E278-4F61-93E4-673F0F012AA0}.Debug|Any CPU.ActiveCfg = Debug|Any CPU
		{01837910-E278-4F61-93E4-673F0F012AA0}.Debug|Any CPU.Build.0 = Debug|Any CPU
		{01837910-E278-4F61-93E4-673F0F012AA0}.Release|Any CPU.ActiveCfg = Release|Any CPU
		{01837910-E278-4F61-93E4-673F0F012AA0}.Release|Any CPU.Build.0 = Release|Any CPU
		{8BE9047A-C0C3-468D-ACFF-9BD332C975B4}.Debug|Any CPU.ActiveCfg = Debug|Any CPU
		{8BE9047A-C0C3-468D-ACFF-9BD332C975B4}.Debug|Any CPU.Build.0 = Debug|Any CPU
		{8BE9047A-C0C3-468D-ACFF-9BD332C975B4}.Release|Any CPU.ActiveCfg = Release|Any CPU
		{8BE9047A-C0C3-468D-ACFF-9BD332C975B4}.Release|Any CPU.Build.0 = Release|Any CPU
		{E7B8DD6F-C275-462E-B260-6CB7F96476B7}.Debug|Any CPU.ActiveCfg = Debug|Any CPU
		{E7B8DD6F-C275-462E-B260-6CB7F96476B7}.Debug|Any CPU.Build.0 = Debug|Any CPU
		{E7B8DD6F-C275-462E-B260-6CB7F96476B7}.Release|Any CPU.ActiveCfg = Release|Any CPU
		{E7B8DD6F-C275-462E-B260-6CB7F96476B7}.Release|Any CPU.Build.0 = Release|Any CPU
		{2CC7522B-D092-4B12-AFE1-991D0FA88C45}.Debug|Any CPU.ActiveCfg = Debug|Any CPU
		{2CC7522B-D092-4B12-AFE1-991D0FA88C45}.Debug|Any CPU.Build.0 = Debug|Any CPU
		{2CC7522B-D092-4B12-AFE1-991D0FA88C45}.Release|Any CPU.ActiveCfg = Release|Any CPU
		{2CC7522B-D092-4B12-AFE1-991D0FA88C45}.Release|Any CPU.Build.0 = Release|Any CPU
		{B9A95110-2589-42D9-88F7-D72E684F6FB1}.Debug|Any CPU.ActiveCfg = Debug|Any CPU
		{B9A95110-2589-42D9-88F7-D72E684F6FB1}.Debug|Any CPU.Build.0 = Debug|Any CPU
		{B9A95110-2589-42D9-88F7-D72E684F6FB1}.Release|Any CPU.ActiveCfg = Release|Any CPU
		{B9A95110-2589-42D9-88F7-D72E684F6FB1}.Release|Any CPU.Build.0 = Release|Any CPU
		{0D7D8078-E918-4579-BFD5-105742557575}.Debug|Any CPU.ActiveCfg = Debug|Any CPU
		{0D7D8078-E918-4579-BFD5-105742557575}.Debug|Any CPU.Build.0 = Debug|Any CPU
		{0D7D8078-E918-4579-BFD5-105742557575}.Release|Any CPU.ActiveCfg = Release|Any CPU
		{0D7D8078-E918-4579-BFD5-105742557575}.Release|Any CPU.Build.0 = Release|Any CPU
		{3770A663-2499-4897-A669-58E90D340760}.Debug|Any CPU.ActiveCfg = Debug|Any CPU
		{3770A663-2499-4897-A669-58E90D340760}.Debug|Any CPU.Build.0 = Debug|Any CPU
		{3770A663-2499-4897-A669-58E90D340760}.Release|Any CPU.ActiveCfg = Release|Any CPU
		{3770A663-2499-4897-A669-58E90D340760}.Release|Any CPU.Build.0 = Release|Any CPU
		{43F73423-A2DD-4D58-B680-C64DFB948E78}.Debug|Any CPU.ActiveCfg = Debug|Any CPU
		{43F73423-A2DD-4D58-B680-C64DFB948E78}.Debug|Any CPU.Build.0 = Debug|Any CPU
		{43F73423-A2DD-4D58-B680-C64DFB948E78}.Release|Any CPU.ActiveCfg = Release|Any CPU
		{43F73423-A2DD-4D58-B680-C64DFB948E78}.Release|Any CPU.Build.0 = Release|Any CPU
		{38434D6E-DE0F-4A31-9462-D9374FEA862D}.Debug|Any CPU.ActiveCfg = Debug|Any CPU
		{38434D6E-DE0F-4A31-9462-D9374FEA862D}.Debug|Any CPU.Build.0 = Debug|Any CPU
		{38434D6E-DE0F-4A31-9462-D9374FEA862D}.Release|Any CPU.ActiveCfg = Release|Any CPU
		{38434D6E-DE0F-4A31-9462-D9374FEA862D}.Release|Any CPU.Build.0 = Release|Any CPU
		{7B2637A1-5D34-410D-8391-9AD0351C3C6F}.Debug|Any CPU.ActiveCfg = Debug|Any CPU
		{7B2637A1-5D34-410D-8391-9AD0351C3C6F}.Debug|Any CPU.Build.0 = Debug|Any CPU
		{7B2637A1-5D34-410D-8391-9AD0351C3C6F}.Release|Any CPU.ActiveCfg = Release|Any CPU
		{7B2637A1-5D34-410D-8391-9AD0351C3C6F}.Release|Any CPU.Build.0 = Release|Any CPU
		{CDF441C8-D72B-4120-98B8-E88AD5A8C027}.Debug|Any CPU.ActiveCfg = Debug|Any CPU
		{CDF441C8-D72B-4120-98B8-E88AD5A8C027}.Debug|Any CPU.Build.0 = Debug|Any CPU
		{CDF441C8-D72B-4120-98B8-E88AD5A8C027}.Release|Any CPU.ActiveCfg = Release|Any CPU
		{CDF441C8-D72B-4120-98B8-E88AD5A8C027}.Release|Any CPU.Build.0 = Release|Any CPU
	EndGlobalSection
	GlobalSection(SolutionProperties) = preSolution
		HideSolutionNode = FALSE
	EndGlobalSection
	GlobalSection(NestedProjects) = preSolution
		{2AA90399-540A-4626-898C-FBA2A39F2B43} = {4DE65D47-16FA-4FB3-9CE5-EFD974BF95AB}
		{E47A995B-EF4F-4758-A4E8-FFEE1E5D08B6} = {372D51E7-755E-4F42-9550-82B258EB1510}
		{CB8C33A9-A881-4E85-AC89-909F055691FD} = {372D51E7-755E-4F42-9550-82B258EB1510}
		{3B76D3C8-11AE-47B6-AF91-59208C358DDF} = {372D51E7-755E-4F42-9550-82B258EB1510}
		{FBD15AD7-D155-4646-9E14-A311897FC19B} = {372D51E7-755E-4F42-9550-82B258EB1510}
		{3479F004-14CC-4E3B-82B1-3C0C8E7CEC69} = {593DF3EE-14CE-44C4-8297-7C469C54C676}
		{4446F75F-9F54-4A66-BA01-A9FBD397114D} = {372D51E7-755E-4F42-9550-82B258EB1510}
		{BAFB81F3-F856-416D-871E-6C13BA3D9A36} = {4DE65D47-16FA-4FB3-9CE5-EFD974BF95AB}
		{46B9C04A-6BF8-44DD-9344-A5E1E4BFE42C} = {4CF1560F-0E34-4D9D-BE87-C91AFA9FA5B4}
		{57F15A75-0383-4733-8415-D4EC4524C411} = {4CF1560F-0E34-4D9D-BE87-C91AFA9FA5B4}
		{5E28A099-71A3-4572-A908-37CA4CCBE314} = {4CF1560F-0E34-4D9D-BE87-C91AFA9FA5B4}
		{91AC28F2-373B-44AF-B970-A0608A174C39} = {4DE65D47-16FA-4FB3-9CE5-EFD974BF95AB}
		{3D9D4CF1-42C3-4FCA-A617-153CF41E9B8C} = {9B303670-4C9B-4C0A-9FCC-516D4BED0831}
		{73C60F01-B6F8-4210-9B1D-D9E7B7979F99} = {9B303670-4C9B-4C0A-9FCC-516D4BED0831}
		{E3793B8E-55A4-4184-8409-753988185D78} = {9B303670-4C9B-4C0A-9FCC-516D4BED0831}
		{40248060-66FF-4BBE-81E2-7E8544DC9984} = {4DE65D47-16FA-4FB3-9CE5-EFD974BF95AB}
		{01837910-E278-4F61-93E4-673F0F012AA0} = {4CF1560F-0E34-4D9D-BE87-C91AFA9FA5B4}
		{8BE9047A-C0C3-468D-ACFF-9BD332C975B4} = {4DE65D47-16FA-4FB3-9CE5-EFD974BF95AB}
		{E7B8DD6F-C275-462E-B260-6CB7F96476B7} = {4CF1560F-0E34-4D9D-BE87-C91AFA9FA5B4}
		{2CC7522B-D092-4B12-AFE1-991D0FA88C45} = {D958CF47-922B-49C2-8C34-473D4EF7A889}
		{B9A95110-2589-42D9-88F7-D72E684F6FB1} = {D958CF47-922B-49C2-8C34-473D4EF7A889}
		{0D7D8078-E918-4579-BFD5-105742557575} = {D958CF47-922B-49C2-8C34-473D4EF7A889}
		{3770A663-2499-4897-A669-58E90D340760} = {D958CF47-922B-49C2-8C34-473D4EF7A889}
		{43F73423-A2DD-4D58-B680-C64DFB948E78} = {D958CF47-922B-49C2-8C34-473D4EF7A889}
		{38434D6E-DE0F-4A31-9462-D9374FEA862D} = {4DE65D47-16FA-4FB3-9CE5-EFD974BF95AB}
		{7B2637A1-5D34-410D-8391-9AD0351C3C6F} = {D958CF47-922B-49C2-8C34-473D4EF7A889}
		{CDF441C8-D72B-4120-98B8-E88AD5A8C027} = {D958CF47-922B-49C2-8C34-473D4EF7A889}
	EndGlobalSection
EndGlobal
